
Microsoft Visual Studio Solution File, Format Version 12.00
# Visual Studio Version 17
VisualStudioVersion = 17.5.33414.496
MinimumVisualStudioVersion = 10.0.40219.1
Project("{8BC9CEB8-8B4A-11D0-8D11-00A0C91BC942}") = "ARXModel", "ARXModel.vcxproj", "{79E08152-08F6-424E-B3F1-29419F907030}"
EndProject
Global
	GlobalSection(SolutionConfigurationPlatforms) = preSolution
		Debug|x64 = Debug|x64
		Debug|x86 = Debug|x86
		Release|x64 = Release|x64
		Release|x86 = Release|x86
	EndGlobalSection
	GlobalSection(ProjectConfigurationPlatforms) = postSolution
		{79E08152-08F6-424E-B3F1-29419F907030}.Debug|x64.ActiveCfg = Debug|x64
		{79E08152-08F6-424E-B3F1-29419F907030}.Debug|x64.Build.0 = Debug|x64
		{79E08152-08F6-424E-B3F1-29419F907030}.Debug|x86.ActiveCfg = Debug|Win32
		{79E08152-08F6-424E-B3F1-29419F907030}.Debug|x86.Build.0 = Debug|Win32
		{79E08152-08F6-424E-B3F1-29419F907030}.Release|x64.ActiveCfg = Release|x64
		{79E08152-08F6-424E-B3F1-29419F907030}.Release|x64.Build.0 = Release|x64
		{79E08152-08F6-424E-B3F1-29419F907030}.Release|x86.ActiveCfg = Release|Win32
		{79E08152-08F6-424E-B3F1-29419F907030}.Release|x86.Build.0 = Release|Win32
	EndGlobalSection
	GlobalSection(SolutionProperties) = preSolution
		HideSolutionNode = FALSE
	EndGlobalSection
	GlobalSection(ExtensibilityGlobals) = postSolution
		SolutionGuid = {97D1D5F6-1844-4047-A828-72FDAF2A1E08}
	EndGlobalSection
EndGlobal
